
Microsoft Visual Studio Solution File, Format Version 12.00
# Visual Studio 15
VisualStudioVersion = 15.0.27130.2027
MinimumVisualStudioVersion = 10.0.40219.1
Project("{FAE04EC0-301F-11D3-BF4B-00C04F79EFBC}") = "WebApp1", "WebApp1\WebApp1.csproj", "{46AE6E9F-CE64-4B5E-BBE4-1115ECD4F626}"
EndProject
Global
	GlobalSection(SolutionConfigurationPlatforms) = preSolution
		Debug|Any CPU = Debug|Any CPU
		Release|Any CPU = Release|Any CPU
	EndGlobalSection
	GlobalSection(ProjectConfigurationPlatforms) = postSolution
		{46AE6E9F-CE64-4B5E-BBE4-1115ECD4F626}.Debug|Any CPU.ActiveCfg = Debug|Any CPU
		{46AE6E9F-CE64-4B5E-BBE4-1115ECD4F626}.Debug|Any CPU.Build.0 = Debug|Any CPU
		{46AE6E9F-CE64-4B5E-BBE4-1115ECD4F626}.Release|Any CPU.ActiveCfg = Release|Any CPU
		{46AE6E9F-CE64-4B5E-BBE4-1115ECD4F626}.Release|Any CPU.Build.0 = Release|Any CPU
	EndGlobalSection
	GlobalSection(SolutionProperties) = preSolution
		HideSolutionNode = FALSE
	EndGlobalSection
	GlobalSection(ExtensibilityGlobals) = postSolution
		SolutionGuid = {88080917-081D-4427-8278-C08D04051156}
	EndGlobalSection
EndGlobal
